
Microsoft Visual Studio Solution File, Format Version 12.00
# Visual Studio Version 16
VisualStudioVersion = 16.0.31424.327
MinimumVisualStudioVersion = 10.0.40219.1
Project("{FAE04EC0-301F-11D3-BF4B-00C04F79EFBC}") = "Fungus", "Fungus.csproj", "{9DE1C23A-C791-A6F1-18D0-3C5EB36EF63F}"
EndProject
Project("{FAE04EC0-301F-11D3-BF4B-00C04F79EFBC}") = "Assembly-CSharp", "Assembly-CSharp.csproj", "{680AC0E5-DBE6-A3FE-938C-F34D364EA738}"
EndProject
Project("{FAE04EC0-301F-11D3-BF4B-00C04F79EFBC}") = "FungusExamples", "FungusExamples.csproj", "{F36AF279-4383-7752-6457-63418DB5F94E}"
EndProject
Project("{FAE04EC0-301F-11D3-BF4B-00C04F79EFBC}") = "FungusPlayModeTests", "FungusPlayModeTests.csproj", "{2370E744-816D-00E6-683F-B06D877F7499}"
EndProject
Project("{FAE04EC0-301F-11D3-BF4B-00C04F79EFBC}") = "Assembly-CSharp-Editor", "Assembly-CSharp-Editor.csproj", "{E28C06DC-A4A1-6F56-A155-C010D2F8914D}"
EndProject
Project("{FAE04EC0-301F-11D3-BF4B-00C04F79EFBC}") = "FungusEditor", "FungusEditor.csproj", "{44C4E6CD-3A32-99E9-0CAF-27660A377C11}"
EndProject
Project("{FAE04EC0-301F-11D3-BF4B-00C04F79EFBC}") = "FungusEditorTests", "FungusEditorTests.csproj", "{B06FF4E5-2885-C7E9-4837-8F2CF23F70FB}"
EndProject
Project("{FAE04EC0-301F-11D3-BF4B-00C04F79EFBC}") = "Fungus.FungusLuaJSONCheckerEditor", "Fungus.FungusLuaJSONCheckerEditor.csproj", "{7E055EF6-0E3A-099B-788B-CBCED0FFBB6D}"
EndProject
Project("{FAE04EC0-301F-11D3-BF4B-00C04F79EFBC}") = "Fungus.FungusLuaEditor", "Fungus.FungusLuaEditor.csproj", "{75ABF4CD-A9A0-DFDA-9556-469A3CB1AB61}"
EndProject
Project("{FAE04EC0-301F-11D3-BF4B-00C04F79EFBC}") = "Fungus.UsfxrEditor", "Fungus.UsfxrEditor.csproj", "{73975888-CF3A-7A08-B520-6B9113B93EF8}"
EndProject
Project("{FAE04EC0-301F-11D3-BF4B-00C04F79EFBC}") = "Fungus.LineEndingsEditor", "Fungus.LineEndingsEditor.csproj", "{025287AD-C92C-A238-0F60-891C487D85FE}"
EndProject
Global
	GlobalSection(SolutionConfigurationPlatforms) = preSolution
		Debug|Any CPU = Debug|Any CPU
		Release|Any CPU = Release|Any CPU
	EndGlobalSection
	GlobalSection(ProjectConfigurationPlatforms) = postSolution
		{9DE1C23A-C791-A6F1-18D0-3C5EB36EF63F}.Debug|Any CPU.ActiveCfg = Debug|Any CPU
		{9DE1C23A-C791-A6F1-18D0-3C5EB36EF63F}.Debug|Any CPU.Build.0 = Debug|Any CPU
		{9DE1C23A-C791-A6F1-18D0-3C5EB36EF63F}.Release|Any CPU.ActiveCfg = Release|Any CPU
		{9DE1C23A-C791-A6F1-18D0-3C5EB36EF63F}.Release|Any CPU.Build.0 = Release|Any CPU
		{680AC0E5-DBE6-A3FE-938C-F34D364EA738}.Debug|Any CPU.ActiveCfg = Debug|Any CPU
		{680AC0E5-DBE6-A3FE-938C-F34D364EA738}.Debug|Any CPU.Build.0 = Debug|Any CPU
		{680AC0E5-DBE6-A3FE-938C-F34D364EA738}.Release|Any CPU.ActiveCfg = Release|Any CPU
		{680AC0E5-DBE6-A3FE-938C-F34D364EA738}.Release|Any CPU.Build.0 = Release|Any CPU
		{F36AF279-4383-7752-6457-63418DB5F94E}.Debug|Any CPU.ActiveCfg = Debug|Any CPU
		{F36AF279-4383-7752-6457-63418DB5F94E}.Debug|Any CPU.Build.0 = Debug|Any CPU
		{F36AF279-4383-7752-6457-63418DB5F94E}.Release|Any CPU.ActiveCfg = Release|Any CPU
		{F36AF279-4383-7752-6457-63418DB5F94E}.Release|Any CPU.Build.0 = Release|Any CPU
		{2370E744-816D-00E6-683F-B06D877F7499}.Debug|Any CPU.ActiveCfg = Debug|Any CPU
		{2370E744-816D-00E6-683F-B06D877F7499}.Debug|Any CPU.Build.0 = Debug|Any CPU
		{2370E744-816D-00E6-683F-B06D877F7499}.Release|Any CPU.ActiveCfg = Release|Any CPU
		{2370E744-816D-00E6-683F-B06D877F7499}.Release|Any CPU.Build.0 = Release|Any CPU
		{E28C06DC-A4A1-6F56-A155-C010D2F8914D}.Debug|Any CPU.ActiveCfg = Debug|Any CPU
		{E28C06DC-A4A1-6F56-A155-C010D2F8914D}.Debug|Any CPU.Build.0 = Debug|Any CPU
		{E28C06DC-A4A1-6F56-A155-C010D2F8914D}.Release|Any CPU.ActiveCfg = Release|Any CPU
		{E28C06DC-A4A1-6F56-A155-C010D2F8914D}.Release|Any CPU.Build.0 = Release|Any CPU
		{44C4E6CD-3A32-99E9-0CAF-27660A377C11}.Debug|Any CPU.ActiveCfg = Debug|Any CPU
		{44C4E6CD-3A32-99E9-0CAF-27660A377C11}.Debug|Any CPU.Build.0 = Debug|Any CPU
		{44C4E6CD-3A32-99E9-0CAF-27660A377C11}.Release|Any CPU.ActiveCfg = Release|Any CPU
		{44C4E6CD-3A32-99E9-0CAF-27660A377C11}.Release|Any CPU.Build.0 = Release|Any CPU
		{B06FF4E5-2885-C7E9-4837-8F2CF23F70FB}.Debug|Any CPU.ActiveCfg = Debug|Any CPU
		{B06FF4E5-2885-C7E9-4837-8F2CF23F70FB}.Debug|Any CPU.Build.0 = Debug|Any CPU
		{B06FF4E5-2885-C7E9-4837-8F2CF23F70FB}.Release|Any CPU.ActiveCfg = Release|Any CPU
		{B06FF4E5-2885-C7E9-4837-8F2CF23F70FB}.Release|Any CPU.Build.0 = Release|Any CPU
		{7E055EF6-0E3A-099B-788B-CBCED0FFBB6D}.Debug|Any CPU.ActiveCfg = Debug|Any CPU
		{7E055EF6-0E3A-099B-788B-CBCED0FFBB6D}.Debug|Any CPU.Build.0 = Debug|Any CPU
		{7E055EF6-0E3A-099B-788B-CBCED0FFBB6D}.Release|Any CPU.ActiveCfg = Release|Any CPU
		{7E055EF6-0E3A-099B-788B-CBCED0FFBB6D}.Release|Any CPU.Build.0 = Release|Any CPU
		{75ABF4CD-A9A0-DFDA-9556-469A3CB1AB61}.Debug|Any CPU.ActiveCfg = Debug|Any CPU
		{75ABF4CD-A9A0-DFDA-9556-469A3CB1AB61}.Debug|Any CPU.Build.0 = Debug|Any CPU
		{75ABF4CD-A9A0-DFDA-9556-469A3CB1AB61}.Release|Any CPU.ActiveCfg = Release|Any CPU
		{75ABF4CD-A9A0-DFDA-9556-469A3CB1AB61}.Release|Any CPU.Build.0 = Release|Any CPU
		{73975888-CF3A-7A08-B520-6B9113B93EF8}.Debug|Any CPU.ActiveCfg = Debug|Any CPU
		{73975888-CF3A-7A08-B520-6B9113B93EF8}.Debug|Any CPU.Build.0 = Debug|Any CPU
		{73975888-CF3A-7A08-B520-6B9113B93EF8}.Release|Any CPU.ActiveCfg = Release|Any CPU
		{73975888-CF3A-7A08-B520-6B9113B93EF8}.Release|Any CPU.Build.0 = Release|Any CPU
		{025287AD-C92C-A238-0F60-891C487D85FE}.Debug|Any CPU.ActiveCfg = Debug|Any CPU
		{025287AD-C92C-A238-0F60-891C487D85FE}.Debug|Any CPU.Build.0 = Debug|Any CPU
		{025287AD-C92C-A238-0F60-891C487D85FE}.Release|Any CPU.ActiveCfg = Release|Any CPU
		{025287AD-C92C-A238-0F60-891C487D85FE}.Release|Any CPU.Build.0 = Release|Any CPU
	EndGlobalSection
	GlobalSection(SolutionProperties) = preSolution
		HideSolutionNode = FALSE
	EndGlobalSection
	GlobalSection(ExtensibilityGlobals) = postSolution
		SolutionGuid = {6AE8CC8D-8BD6-449B-B16B-A4C46AB0B925}
	EndGlobalSection
EndGlobal
